// !$*UTF8*$!
{
	archiveVersion = 1;
	classes = {
	};
	objectVersion = 46;
	objects = {

/* Begin PBXBuildFile section */
		8C42D57B17B62D3C006861F5 /* libxml2.dylib in Frameworks */ = {isa = PBXBuildFile; fileRef = 8C42D57A17B62D3C006861F5 /* libxml2.dylib */; };
		8C42D58217B62D7D006861F5 /* UIKit.framework in Frameworks */ = {isa = PBXBuildFile; fileRef = 8C42D58117B62D7D006861F5 /* UIKit.framework */; };
		8C42D58417B62D7D006861F5 /* Foundation.framework in Frameworks */ = {isa = PBXBuildFile; fileRef = 8C42D58317B62D7D006861F5 /* Foundation.framework */; };
		8C42D58617B62D7D006861F5 /* CoreGraphics.framework in Frameworks */ = {isa = PBXBuildFile; fileRef = 8C42D58517B62D7D006861F5 /* CoreGraphics.framework */; };
		8C42D58C17B62D7D006861F5 /* InfoPlist.strings in Resources */ = {isa = PBXBuildFile; fileRef = 8C42D58A17B62D7D006861F5 /* InfoPlist.strings */; };
		8C42D58E17B62D7D006861F5 /* main.m in Sources */ = {isa = PBXBuildFile; fileRef = 8C42D58D17B62D7D006861F5 /* main.m */; };
		8C42D59217B62D7D006861F5 /* PF_AppDelegate.m in Sources */ = {isa = PBXBuildFile; fileRef = 8C42D59117B62D7D006861F5 /* PF_AppDelegate.m */; };
		8C42D59417B62D7D006861F5 /* Default.png in Resources */ = {isa = PBXBuildFile; fileRef = 8C42D59317B62D7D006861F5 /* Default.png */; };
		8C42D59617B62D7D006861F5 /* Default@2x.png in Resources */ = {isa = PBXBuildFile; fileRef = 8C42D59517B62D7D006861F5 /* Default@2x.png */; };
		8C42D59817B62D7D006861F5 /* Default-568h@2x.png in Resources */ = {isa = PBXBuildFile; fileRef = 8C42D59717B62D7D006861F5 /* Default-568h@2x.png */; };
		8C42D59B17B62D7D006861F5 /* MainStoryboard_iPhone.storyboard in Resources */ = {isa = PBXBuildFile; fileRef = 8C42D59917B62D7D006861F5 /* MainStoryboard_iPhone.storyboard */; };
		8C42D59E17B62D7D006861F5 /* MainStoryboard_iPad.storyboard in Resources */ = {isa = PBXBuildFile; fileRef = 8C42D59C17B62D7D006861F5 /* MainStoryboard_iPad.storyboard */; };
		8C42D5A117B62D7D006861F5 /* PF_MasterViewController.m in Sources */ = {isa = PBXBuildFile; fileRef = 8C42D5A017B62D7D006861F5 /* PF_MasterViewController.m */; };
		8C42D5A417B62D7D006861F5 /* PF_DetailViewController.m in Sources */ = {isa = PBXBuildFile; fileRef = 8C42D5A317B62D7D006861F5 /* PF_DetailViewController.m */; };
		8C42D5A917B62DAB006861F5 /* libxml2.dylib in Frameworks */ = {isa = PBXBuildFile; fileRef = 8C42D5A817B62DAB006861F5 /* libxml2.dylib */; };
		8C7D980817B6298400E561EF /* Cocoa.framework in Frameworks */ = {isa = PBXBuildFile; fileRef = 8C7D980717B6298400E561EF /* Cocoa.framework */; };
		8C7D981217B6298400E561EF /* InfoPlist.strings in Resources */ = {isa = PBXBuildFile; fileRef = 8C7D981017B6298400E561EF /* InfoPlist.strings */; };
		8C7D981417B6298400E561EF /* main.m in Sources */ = {isa = PBXBuildFile; fileRef = 8C7D981317B6298400E561EF /* main.m */; };
		8C7D981817B6298400E561EF /* Credits.rtf in Resources */ = {isa = PBXBuildFile; fileRef = 8C7D981617B6298400E561EF /* Credits.rtf */; };
		8C7D981B17B6298400E561EF /* PF_Document.m in Sources */ = {isa = PBXBuildFile; fileRef = 8C7D981A17B6298400E561EF /* PF_Document.m */; };
		8C7D981E17B6298400E561EF /* PF_Document.xib in Resources */ = {isa = PBXBuildFile; fileRef = 8C7D981C17B6298400E561EF /* PF_Document.xib */; };
		8C7D982117B6298400E561EF /* MainMenu.xib in Resources */ = {isa = PBXBuildFile; fileRef = 8C7D981F17B6298400E561EF /* MainMenu.xib */; };
/* End PBXBuildFile section */

/* Begin PBXFileReference section */
		8C42D57817B62AC6006861F5 /* LICENSE */ = {isa = PBXFileReference; lastKnownFileType = text; path = LICENSE; sourceTree = "<group>"; };
		8C42D57917B62AC6006861F5 /* README.md */ = {isa = PBXFileReference; lastKnownFileType = text; path = README.md; sourceTree = "<group>"; };
		8C42D57A17B62D3C006861F5 /* libxml2.dylib */ = {isa = PBXFileReference; lastKnownFileType = "compiled.mach-o.dylib"; name = libxml2.dylib; path = usr/lib/libxml2.dylib; sourceTree = SDKROOT; };
		8C42D58017B62D7D006861F5 /* PurForms Mobile.app */ = {isa = PBXFileReference; explicitFileType = wrapper.application; includeInIndex = 0; path = "PurForms Mobile.app"; sourceTree = BUILT_PRODUCTS_DIR; };
		8C42D58117B62D7D006861F5 /* UIKit.framework */ = {isa = PBXFileReference; lastKnownFileType = wrapper.framework; name = UIKit.framework; path = Library/Frameworks/UIKit.framework; sourceTree = DEVELOPER_DIR; };
		8C42D58317B62D7D006861F5 /* Foundation.framework */ = {isa = PBXFileReference; lastKnownFileType = wrapper.framework; name = Foundation.framework; path = Library/Frameworks/Foundation.framework; sourceTree = DEVELOPER_DIR; };
		8C42D58517B62D7D006861F5 /* CoreGraphics.framework */ = {isa = PBXFileReference; lastKnownFileType = wrapper.framework; name = CoreGraphics.framework; path = Library/Frameworks/CoreGraphics.framework; sourceTree = DEVELOPER_DIR; };
		8C42D58917B62D7D006861F5 /* PurForms Mobile-Info.plist */ = {isa = PBXFileReference; lastKnownFileType = text.plist.xml; path = "PurForms Mobile-Info.plist"; sourceTree = "<group>"; };
		8C42D58B17B62D7D006861F5 /* en */ = {isa = PBXFileReference; lastKnownFileType = text.plist.strings; name = en; path = en.lproj/InfoPlist.strings; sourceTree = "<group>"; };
		8C42D58D17B62D7D006861F5 /* main.m */ = {isa = PBXFileReference; lastKnownFileType = sourcecode.c.objc; path = main.m; sourceTree = "<group>"; };
		8C42D58F17B62D7D006861F5 /* PurForms Mobile-Prefix.pch */ = {isa = PBXFileReference; lastKnownFileType = sourcecode.c.h; path = "PurForms Mobile-Prefix.pch"; sourceTree = "<group>"; };
		8C42D59017B62D7D006861F5 /* PF_AppDelegate.h */ = {isa = PBXFileReference; lastKnownFileType = sourcecode.c.h; path = PF_AppDelegate.h; sourceTree = "<group>"; };
		8C42D59117B62D7D006861F5 /* PF_AppDelegate.m */ = {isa = PBXFileReference; lastKnownFileType = sourcecode.c.objc; path = PF_AppDelegate.m; sourceTree = "<group>"; };
		8C42D59317B62D7D006861F5 /* Default.png */ = {isa = PBXFileReference; lastKnownFileType = image.png; path = Default.png; sourceTree = "<group>"; };
		8C42D59517B62D7D006861F5 /* Default@2x.png */ = {isa = PBXFileReference; lastKnownFileType = image.png; path = "Default@2x.png"; sourceTree = "<group>"; };
		8C42D59717B62D7D006861F5 /* Default-568h@2x.png */ = {isa = PBXFileReference; lastKnownFileType = image.png; path = "Default-568h@2x.png"; sourceTree = "<group>"; };
		8C42D59A17B62D7D006861F5 /* en */ = {isa = PBXFileReference; lastKnownFileType = file.storyboard; name = en; path = en.lproj/MainStoryboard_iPhone.storyboard; sourceTree = "<group>"; };
		8C42D59D17B62D7D006861F5 /* en */ = {isa = PBXFileReference; lastKnownFileType = file.storyboard; name = en; path = en.lproj/MainStoryboard_iPad.storyboard; sourceTree = "<group>"; };
		8C42D59F17B62D7D006861F5 /* PF_MasterViewController.h */ = {isa = PBXFileReference; lastKnownFileType = sourcecode.c.h; path = PF_MasterViewController.h; sourceTree = "<group>"; };
		8C42D5A017B62D7D006861F5 /* PF_MasterViewController.m */ = {isa = PBXFileReference; lastKnownFileType = sourcecode.c.objc; path = PF_MasterViewController.m; sourceTree = "<group>"; };
		8C42D5A217B62D7D006861F5 /* PF_DetailViewController.h */ = {isa = PBXFileReference; lastKnownFileType = sourcecode.c.h; path = PF_DetailViewController.h; sourceTree = "<group>"; };
		8C42D5A317B62D7D006861F5 /* PF_DetailViewController.m */ = {isa = PBXFileReference; lastKnownFileType = sourcecode.c.objc; path = PF_DetailViewController.m; sourceTree = "<group>"; };
		8C42D5A817B62DAB006861F5 /* libxml2.dylib */ = {isa = PBXFileReference; lastKnownFileType = "compiled.mach-o.dylib"; name = libxml2.dylib; path = Platforms/iPhoneOS.platform/Developer/SDKs/iPhoneOS6.1.sdk/usr/lib/libxml2.dylib; sourceTree = DEVELOPER_DIR; };
		8C7D980417B6298400E561EF /* PurForms.app */ = {isa = PBXFileReference; explicitFileType = wrapper.application; includeInIndex = 0; path = PurForms.app; sourceTree = BUILT_PRODUCTS_DIR; };
		8C7D980717B6298400E561EF /* Cocoa.framework */ = {isa = PBXFileReference; lastKnownFileType = wrapper.framework; name = Cocoa.framework; path = System/Library/Frameworks/Cocoa.framework; sourceTree = SDKROOT; };
		8C7D980A17B6298400E561EF /* AppKit.framework */ = {isa = PBXFileReference; lastKnownFileType = wrapper.framework; name = AppKit.framework; path = System/Library/Frameworks/AppKit.framework; sourceTree = SDKROOT; };
		8C7D980B17B6298400E561EF /* CoreData.framework */ = {isa = PBXFileReference; lastKnownFileType = wrapper.framework; name = CoreData.framework; path = System/Library/Frameworks/CoreData.framework; sourceTree = SDKROOT; };
		8C7D980C17B6298400E561EF /* Foundation.framework */ = {isa = PBXFileReference; lastKnownFileType = wrapper.framework; name = Foundation.framework; path = System/Library/Frameworks/Foundation.framework; sourceTree = SDKROOT; };
		8C7D980F17B6298400E561EF /* PurForms-Info.plist */ = {isa = PBXFileReference; lastKnownFileType = text.plist.xml; path = "PurForms-Info.plist"; sourceTree = "<group>"; };
		8C7D981117B6298400E561EF /* en */ = {isa = PBXFileReference; lastKnownFileType = text.plist.strings; name = en; path = en.lproj/InfoPlist.strings; sourceTree = "<group>"; };
		8C7D981317B6298400E561EF /* main.m */ = {isa = PBXFileReference; lastKnownFileType = sourcecode.c.objc; path = main.m; sourceTree = "<group>"; };
		8C7D981517B6298400E561EF /* PurForms-Prefix.pch */ = {isa = PBXFileReference; lastKnownFileType = sourcecode.c.h; path = "PurForms-Prefix.pch"; sourceTree = "<group>"; };
		8C7D981717B6298400E561EF /* en */ = {isa = PBXFileReference; lastKnownFileType = text.rtf; name = en; path = en.lproj/Credits.rtf; sourceTree = "<group>"; };
		8C7D981917B6298400E561EF /* PF_Document.h */ = {isa = PBXFileReference; lastKnownFileType = sourcecode.c.h; path = PF_Document.h; sourceTree = "<group>"; };
		8C7D981A17B6298400E561EF /* PF_Document.m */ = {isa = PBXFileReference; lastKnownFileType = sourcecode.c.objc; path = PF_Document.m; sourceTree = "<group>"; };
		8C7D981D17B6298400E561EF /* en */ = {isa = PBXFileReference; lastKnownFileType = file.xib; name = en; path = en.lproj/PF_Document.xib; sourceTree = "<group>"; };
		8C7D982017B6298400E561EF /* en */ = {isa = PBXFileReference; lastKnownFileType = file.xib; name = en; path = en.lproj/MainMenu.xib; sourceTree = "<group>"; };
/* End PBXFileReference section */

/* Begin PBXFrameworksBuildPhase section */
		8C42D57D17B62D7D006861F5 /* Frameworks */ = {
			isa = PBXFrameworksBuildPhase;
			buildActionMask = 2147483647;
			files = (
				8C42D5A917B62DAB006861F5 /* libxml2.dylib in Frameworks */,
				8C42D58217B62D7D006861F5 /* UIKit.framework in Frameworks */,
				8C42D58417B62D7D006861F5 /* Foundation.framework in Frameworks */,
				8C42D58617B62D7D006861F5 /* CoreGraphics.framework in Frameworks */,
			);
			runOnlyForDeploymentPostprocessing = 0;
		};
		8C7D980117B6298400E561EF /* Frameworks */ = {
			isa = PBXFrameworksBuildPhase;
			buildActionMask = 2147483647;
			files = (
				8C42D57B17B62D3C006861F5 /* libxml2.dylib in Frameworks */,
				8C7D980817B6298400E561EF /* Cocoa.framework in Frameworks */,
			);
			runOnlyForDeploymentPostprocessing = 0;
		};
/* End PBXFrameworksBuildPhase section */

/* Begin PBXGroup section */
		8C42D58717B62D7D006861F5 /* PurForms Mobile */ = {
			isa = PBXGroup;
			children = (
				8C42D59017B62D7D006861F5 /* PF_AppDelegate.h */,
				8C42D59117B62D7D006861F5 /* PF_AppDelegate.m */,
				8C42D59917B62D7D006861F5 /* MainStoryboard_iPhone.storyboard */,
				8C42D59C17B62D7D006861F5 /* MainStoryboard_iPad.storyboard */,
				8C42D59F17B62D7D006861F5 /* PF_MasterViewController.h */,
				8C42D5A017B62D7D006861F5 /* PF_MasterViewController.m */,
				8C42D5A217B62D7D006861F5 /* PF_DetailViewController.h */,
				8C42D5A317B62D7D006861F5 /* PF_DetailViewController.m */,
				8C42D58817B62D7D006861F5 /* Supporting Files */,
			);
			path = "PurForms Mobile";
			sourceTree = "<group>";
		};
		8C42D58817B62D7D006861F5 /* Supporting Files */ = {
			isa = PBXGroup;
			children = (
				8C42D58917B62D7D006861F5 /* PurForms Mobile-Info.plist */,
				8C42D58A17B62D7D006861F5 /* InfoPlist.strings */,
				8C42D58D17B62D7D006861F5 /* main.m */,
				8C42D58F17B62D7D006861F5 /* PurForms Mobile-Prefix.pch */,
				8C42D59317B62D7D006861F5 /* Default.png */,
				8C42D59517B62D7D006861F5 /* Default@2x.png */,
				8C42D59717B62D7D006861F5 /* Default-568h@2x.png */,
			);
			name = "Supporting Files";
			sourceTree = "<group>";
		};
		8C7D97FB17B6298400E561EF = {
			isa = PBXGroup;
			children = (
				8C42D5A817B62DAB006861F5 /* libxml2.dylib */,
				8C42D57A17B62D3C006861F5 /* libxml2.dylib */,
				8C42D57817B62AC6006861F5 /* LICENSE */,
				8C42D57917B62AC6006861F5 /* README.md */,
				8C7D980D17B6298400E561EF /* PurForms */,
				8C42D58717B62D7D006861F5 /* PurForms Mobile */,
				8C7D980617B6298400E561EF /* Frameworks */,
				8C7D980517B6298400E561EF /* Products */,
			);
			sourceTree = "<group>";
		};
		8C7D980517B6298400E561EF /* Products */ = {
			isa = PBXGroup;
			children = (
				8C7D980417B6298400E561EF /* PurForms.app */,
				8C42D58017B62D7D006861F5 /* PurForms Mobile.app */,
			);
			name = Products;
			sourceTree = "<group>";
		};
		8C7D980617B6298400E561EF /* Frameworks */ = {
			isa = PBXGroup;
			children = (
				8C7D980717B6298400E561EF /* Cocoa.framework */,
				8C42D58117B62D7D006861F5 /* UIKit.framework */,
				8C42D58317B62D7D006861F5 /* Foundation.framework */,
				8C42D58517B62D7D006861F5 /* CoreGraphics.framework */,
				8C7D980917B6298400E561EF /* Other Frameworks */,
			);
			name = Frameworks;
			sourceTree = "<group>";
		};
		8C7D980917B6298400E561EF /* Other Frameworks */ = {
			isa = PBXGroup;
			children = (
				8C7D980A17B6298400E561EF /* AppKit.framework */,
				8C7D980B17B6298400E561EF /* CoreData.framework */,
				8C7D980C17B6298400E561EF /* Foundation.framework */,
			);
			name = "Other Frameworks";
			sourceTree = "<group>";
		};
		8C7D980D17B6298400E561EF /* PurForms */ = {
			isa = PBXGroup;
			children = (
				8C7D981917B6298400E561EF /* PF_Document.h */,
				8C7D981A17B6298400E561EF /* PF_Document.m */,
				8C7D981C17B6298400E561EF /* PF_Document.xib */,
				8C7D981F17B6298400E561EF /* MainMenu.xib */,
				8C7D980E17B6298400E561EF /* Supporting Files */,
			);
			path = PurForms;
			sourceTree = "<group>";
		};
		8C7D980E17B6298400E561EF /* Supporting Files */ = {
			isa = PBXGroup;
			children = (
				8C7D980F17B6298400E561EF /* PurForms-Info.plist */,
				8C7D981017B6298400E561EF /* InfoPlist.strings */,
				8C7D981317B6298400E561EF /* main.m */,
				8C7D981517B6298400E561EF /* PurForms-Prefix.pch */,
				8C7D981617B6298400E561EF /* Credits.rtf */,
			);
			name = "Supporting Files";
			sourceTree = "<group>";
		};
/* End PBXGroup section */

/* Begin PBXNativeTarget section */
		8C42D57F17B62D7D006861F5 /* PurForms Mobile */ = {
			isa = PBXNativeTarget;
			buildConfigurationList = 8C42D5A517B62D7D006861F5 /* Build configuration list for PBXNativeTarget "PurForms Mobile" */;
			buildPhases = (
				8C42D57C17B62D7D006861F5 /* Sources */,
				8C42D57D17B62D7D006861F5 /* Frameworks */,
				8C42D57E17B62D7D006861F5 /* Resources */,
			);
			buildRules = (
			);
			dependencies = (
			);
			name = "PurForms Mobile";
			productName = "PurForms Mobile";
			productReference = 8C42D58017B62D7D006861F5 /* PurForms Mobile.app */;
			productType = "com.apple.product-type.application";
		};
		8C7D980317B6298400E561EF /* PurForms */ = {
			isa = PBXNativeTarget;
			buildConfigurationList = 8C7D982417B6298400E561EF /* Build configuration list for PBXNativeTarget "PurForms" */;
			buildPhases = (
				8C7D980017B6298400E561EF /* Sources */,
				8C7D980117B6298400E561EF /* Frameworks */,
				8C7D980217B6298400E561EF /* Resources */,
			);
			buildRules = (
			);
			dependencies = (
			);
			name = PurForms;
			productName = PurForms;
			productReference = 8C7D980417B6298400E561EF /* PurForms.app */;
			productType = "com.apple.product-type.application";
		};
/* End PBXNativeTarget section */

/* Begin PBXProject section */
		8C7D97FC17B6298400E561EF /* Project object */ = {
			isa = PBXProject;
			attributes = {
				CLASSPREFIX = PF_;
				LastUpgradeCheck = 0460;
				ORGANIZATIONNAME = "Jason Cavinder";
			};
			buildConfigurationList = 8C7D97FF17B6298400E561EF /* Build configuration list for PBXProject "PurForms" */;
			compatibilityVersion = "Xcode 3.2";
			developmentRegion = English;
			hasScannedForEncodings = 0;
			knownRegions = (
				en,
			);
			mainGroup = 8C7D97FB17B6298400E561EF;
			productRefGroup = 8C7D980517B6298400E561EF /* Products */;
			projectDirPath = "";
			projectRoot = "";
			targets = (
				8C7D980317B6298400E561EF /* PurForms */,
				8C42D57F17B62D7D006861F5 /* PurForms Mobile */,
			);
		};
/* End PBXProject section */

/* Begin PBXResourcesBuildPhase section */
		8C42D57E17B62D7D006861F5 /* Resources */ = {
			isa = PBXResourcesBuildPhase;
			buildActionMask = 2147483647;
			files = (
				8C42D58C17B62D7D006861F5 /* InfoPlist.strings in Resources */,
				8C42D59417B62D7D006861F5 /* Default.png in Resources */,
				8C42D59617B62D7D006861F5 /* Default@2x.png in Resources */,
				8C42D59817B62D7D006861F5 /* Default-568h@2x.png in Resources */,
				8C42D59B17B62D7D006861F5 /* MainStoryboard_iPhone.storyboard in Resources */,
				8C42D59E17B62D7D006861F5 /* MainStoryboard_iPad.storyboard in Resources */,
			);
			runOnlyForDeploymentPostprocessing = 0;
		};
		8C7D980217B6298400E561EF /* Resources */ = {
			isa = PBXResourcesBuildPhase;
			buildActionMask = 2147483647;
			files = (
				8C7D981217B6298400E561EF /* InfoPlist.strings in Resources */,
				8C7D981817B6298400E561EF /* Credits.rtf in Resources */,
				8C7D981E17B6298400E561EF /* PF_Document.xib in Resources */,
				8C7D982117B6298400E561EF /* MainMenu.xib in Resources */,
			);
			runOnlyForDeploymentPostprocessing = 0;
		};
/* End PBXResourcesBuildPhase section */

/* Begin PBXSourcesBuildPhase section */
		8C42D57C17B62D7D006861F5 /* Sources */ = {
			isa = PBXSourcesBuildPhase;
			buildActionMask = 2147483647;
			files = (
				8C42D58E17B62D7D006861F5 /* main.m in Sources */,
				8C42D59217B62D7D006861F5 /* PF_AppDelegate.m in Sources */,
				8C42D5A117B62D7D006861F5 /* PF_MasterViewController.m in Sources */,
				8C42D5A417B62D7D006861F5 /* PF_DetailViewController.m in Sources */,
			);
			runOnlyForDeploymentPostprocessing = 0;
		};
		8C7D980017B6298400E561EF /* Sources */ = {
			isa = PBXSourcesBuildPhase;
			buildActionMask = 2147483647;
			files = (
				8C7D981417B6298400E561EF /* main.m in Sources */,
				8C7D981B17B6298400E561EF /* PF_Document.m in Sources */,
			);
			runOnlyForDeploymentPostprocessing = 0;
		};
/* End PBXSourcesBuildPhase section */

/* Begin PBXVariantGroup section */
		8C42D58A17B62D7D006861F5 /* InfoPlist.strings */ = {
			isa = PBXVariantGroup;
			children = (
				8C42D58B17B62D7D006861F5 /* en */,
			);
			name = InfoPlist.strings;
			sourceTree = "<group>";
		};
		8C42D59917B62D7D006861F5 /* MainStoryboard_iPhone.storyboard */ = {
			isa = PBXVariantGroup;
			children = (
				8C42D59A17B62D7D006861F5 /* en */,
			);
			name = MainStoryboard_iPhone.storyboard;
			sourceTree = "<group>";
		};
		8C42D59C17B62D7D006861F5 /* MainStoryboard_iPad.storyboard */ = {
			isa = PBXVariantGroup;
			children = (
				8C42D59D17B62D7D006861F5 /* en */,
			);
			name = MainStoryboard_iPad.storyboard;
			sourceTree = "<group>";
		};
		8C7D981017B6298400E561EF /* InfoPlist.strings */ = {
			isa = PBXVariantGroup;
			children = (
				8C7D981117B6298400E561EF /* en */,
			);
			name = InfoPlist.strings;
			sourceTree = "<group>";
		};
		8C7D981617B6298400E561EF /* Credits.rtf */ = {
			isa = PBXVariantGroup;
			children = (
				8C7D981717B6298400E561EF /* en */,
			);
			name = Credits.rtf;
			sourceTree = "<group>";
		};
		8C7D981C17B6298400E561EF /* PF_Document.xib */ = {
			isa = PBXVariantGroup;
			children = (
				8C7D981D17B6298400E561EF /* en */,
			);
			name = PF_Document.xib;
			sourceTree = "<group>";
		};
		8C7D981F17B6298400E561EF /* MainMenu.xib */ = {
			isa = PBXVariantGroup;
			children = (
				8C7D982017B6298400E561EF /* en */,
			);
			name = MainMenu.xib;
			sourceTree = "<group>";
		};
/* End PBXVariantGroup section */

/* Begin XCBuildConfiguration section */
		8C42D5A617B62D7D006861F5 /* Debug */ = {
			isa = XCBuildConfiguration;
			buildSettings = {
				"CODE_SIGN_IDENTITY[sdk=iphoneos*]" = "iPhone Developer";
				FRAMEWORK_SEARCH_PATHS = (
					"$(inherited)",
					"\"$(SYSTEM_APPS_DIR)/Xcode.app/Contents/Developer/Library/Frameworks\"",
				);
				GCC_PRECOMPILE_PREFIX_HEADER = YES;
				GCC_PREFIX_HEADER = "PurForms Mobile/PurForms Mobile-Prefix.pch";
				INFOPLIST_FILE = "PurForms Mobile/PurForms Mobile-Info.plist";
				IPHONEOS_DEPLOYMENT_TARGET = 6.1;
				PRODUCT_NAME = "$(TARGET_NAME)";
				SDKROOT = iphoneos;
				TARGETED_DEVICE_FAMILY = "1,2";
				WRAPPER_EXTENSION = app;
			};
			name = Debug;
		};
		8C42D5A717B62D7D006861F5 /* Release */ = {
			isa = XCBuildConfiguration;
			buildSettings = {
				"CODE_SIGN_IDENTITY[sdk=iphoneos*]" = "iPhone Developer";
				FRAMEWORK_SEARCH_PATHS = (
					"$(inherited)",
					"\"$(SYSTEM_APPS_DIR)/Xcode.app/Contents/Developer/Library/Frameworks\"",
				);
				GCC_PRECOMPILE_PREFIX_HEADER = YES;
				GCC_PREFIX_HEADER = "PurForms Mobile/PurForms Mobile-Prefix.pch";
				INFOPLIST_FILE = "PurForms Mobile/PurForms Mobile-Info.plist";
				IPHONEOS_DEPLOYMENT_TARGET = 6.1;
				OTHER_CFLAGS = "-DNS_BLOCK_ASSERTIONS=1";
				PRODUCT_NAME = "$(TARGET_NAME)";
				SDKROOT = iphoneos;
				TARGETED_DEVICE_FAMILY = "1,2";
				VALIDATE_PRODUCT = YES;
				WRAPPER_EXTENSION = app;
			};
			name = Release;
		};
		8C7D982217B6298400E561EF /* Debug */ = {
			isa = XCBuildConfiguration;
			buildSettings = {
				ALWAYS_SEARCH_USER_PATHS = NO;
				ARCHS = "$(ARCHS_STANDARD_64_BIT)";
				CLANG_CXX_LANGUAGE_STANDARD = "gnu++0x";
				CLANG_CXX_LIBRARY = "libc++";
				CLANG_ENABLE_OBJC_ARC = YES;
				CLANG_WARN_CONSTANT_CONVERSION = YES;
				CLANG_WARN_EMPTY_BODY = YES;
				CLANG_WARN_ENUM_CONVERSION = YES;
				CLANG_WARN_INT_CONVERSION = YES;
				CLANG_WARN__DUPLICATE_METHOD_MATCH = YES;
				COPY_PHASE_STRIP = NO;
				GCC_C_LANGUAGE_STANDARD = gnu99;
				GCC_DYNAMIC_NO_PIC = NO;
				GCC_ENABLE_OBJC_EXCEPTIONS = YES;
				GCC_OPTIMIZATION_LEVEL = 0;
				GCC_PREPROCESSOR_DEFINITIONS = (
					"DEBUG=1",
					"$(inherited)",
				);
				GCC_SYMBOLS_PRIVATE_EXTERN = NO;
				GCC_WARN_64_TO_32_BIT_CONVERSION = YES;
				GCC_WARN_ABOUT_RETURN_TYPE = YES;
				GCC_WARN_UNINITIALIZED_AUTOS = YES;
				GCC_WARN_UNUSED_VARIABLE = YES;
				MACOSX_DEPLOYMENT_TARGET = 10.8;
				ONLY_ACTIVE_ARCH = YES;
				SDKROOT = macosx;
			};
			name = Debug;
		};
		8C7D982317B6298400E561EF /* Release */ = {
			isa = XCBuildConfiguration;
			buildSettings = {
				ALWAYS_SEARCH_USER_PATHS = NO;
				ARCHS = "$(ARCHS_STANDARD_64_BIT)";
				CLANG_CXX_LANGUAGE_STANDARD = "gnu++0x";
				CLANG_CXX_LIBRARY = "libc++";
				CLANG_ENABLE_OBJC_ARC = YES;
				CLANG_WARN_CONSTANT_CONVERSION = YES;
				CLANG_WARN_EMPTY_BODY = YES;
				CLANG_WARN_ENUM_CONVERSION = YES;
				CLANG_WARN_INT_CONVERSION = YES;
				CLANG_WARN__DUPLICATE_METHOD_MATCH = YES;
				COPY_PHASE_STRIP = YES;
				DEBUG_INFORMATION_FORMAT = "dwarf-with-dsym";
				GCC_C_LANGUAGE_STANDARD = gnu99;
				GCC_ENABLE_OBJC_EXCEPTIONS = YES;
				GCC_WARN_64_TO_32_BIT_CONVERSION = YES;
				GCC_WARN_ABOUT_RETURN_TYPE = YES;
				GCC_WARN_UNINITIALIZED_AUTOS = YES;
				GCC_WARN_UNUSED_VARIABLE = YES;
				MACOSX_DEPLOYMENT_TARGET = 10.8;
				SDKROOT = macosx;
			};
			name = Release;
		};
		8C7D982517B6298400E561EF /* Debug */ = {
			isa = XCBuildConfiguration;
			buildSettings = {
				COMBINE_HIDPI_IMAGES = YES;
				GCC_PRECOMPILE_PREFIX_HEADER = YES;
				GCC_PREFIX_HEADER = "PurForms/PurForms-Prefix.pch";
				INFOPLIST_FILE = "PurForms/PurForms-Info.plist";
				MACOSX_DEPLOYMENT_TARGET = 10.8;
				PRODUCT_NAME = "$(TARGET_NAME)";
				WRAPPER_EXTENSION = app;
			};
			name = Debug;
		};
		8C7D982617B6298400E561EF /* Release */ = {
			isa = XCBuildConfiguration;
			buildSettings = {
				COMBINE_HIDPI_IMAGES = YES;
				GCC_PRECOMPILE_PREFIX_HEADER = YES;
				GCC_PREFIX_HEADER = "PurForms/PurForms-Prefix.pch";
				INFOPLIST_FILE = "PurForms/PurForms-Info.plist";
				MACOSX_DEPLOYMENT_TARGET = 10.8;
				PRODUCT_NAME = "$(TARGET_NAME)";
				WRAPPER_EXTENSION = app;
			};
			name = Release;
		};
/* End XCBuildConfiguration section */

/* Begin XCConfigurationList section */
		8C42D5A517B62D7D006861F5 /* Build configuration list for PBXNativeTarget "PurForms Mobile" */ = {
			isa = XCConfigurationList;
			buildConfigurations = (
				8C42D5A617B62D7D006861F5 /* Debug */,
				8C42D5A717B62D7D006861F5 /* Release */,
			);
			defaultConfigurationIsVisible = 0;
		};
		8C7D97FF17B6298400E561EF /* Build configuration list for PBXProject "PurForms" */ = {
			isa = XCConfigurationList;
			buildConfigurations = (
				8C7D982217B6298400E561EF /* Debug */,
				8C7D982317B6298400E561EF /* Release */,
			);
			defaultConfigurationIsVisible = 0;
			defaultConfigurationName = Release;
		};
		8C7D982417B6298400E561EF /* Build configuration list for PBXNativeTarget "PurForms" */ = {
			isa = XCConfigurationList;
			buildConfigurations = (
				8C7D982517B6298400E561EF /* Debug */,
				8C7D982617B6298400E561EF /* Release */,
			);
			defaultConfigurationIsVisible = 0;
			defaultConfigurationName = Release;
		};
/* End XCConfigurationList section */
	};
	rootObject = 8C7D97FC17B6298400E561EF /* Project object */;
}
